
Microsoft Visual Studio Solution File, Format Version 12.00
# Visual Studio Version 16
VisualStudioVersion = 16.0.31515.178
MinimumVisualStudioVersion = 10.0.40219.1
Project("{9A19103F-16F7-4668-BE54-9A1E7A4F7556}") = "Arrays", "Arrays\Arrays.csproj", "{EB9C1B09-857A-4C64-8A41-AF82109F4A62}"
EndProject
Project("{9A19103F-16F7-4668-BE54-9A1E7A4F7556}") = "Listas", "Listas\Listas.csproj", "{7E1DD6A3-F9C1-4151-9F71-9B24053075E4}"
EndProject
Project("{9A19103F-16F7-4668-BE54-9A1E7A4F7556}") = "ListasDeObjetos", "ListasDeObjetos\ListasDeObjetos.csproj", "{8B6E0677-BF1C-4B97-AC47-C52E82E5551F}"
EndProject
Project("{FAE04EC0-301F-11D3-BF4B-00C04F79EFBC}") = "ListasSomenteLeitura", "ListasSomenteLeitura\ListasSomenteLeitura.csproj", "{6829D0CC-1071-47B8-BBAA-2BFEACEC5CED}"
EndProject
Project("{FAE04EC0-301F-11D3-BF4B-00C04F79EFBC}") = "PoderDosSets", "PoderDosSets\PoderDosSets.csproj", "{75FE0C12-ABEF-46C7-8D93-CD41CA712C20}"
EndProject
Project("{FAE04EC0-301F-11D3-BF4B-00C04F79EFBC}") = "SetNoModelo", "SetNoModelo\SetNoModelo.csproj", "{F5B73693-ACDB-40FB-884A-6BC0CF1AF027}"
EndProject
Global
	GlobalSection(SolutionConfigurationPlatforms) = preSolution
		Debug|Any CPU = Debug|Any CPU
		Release|Any CPU = Release|Any CPU
	EndGlobalSection
	GlobalSection(ProjectConfigurationPlatforms) = postSolution
		{EB9C1B09-857A-4C64-8A41-AF82109F4A62}.Debug|Any CPU.ActiveCfg = Debug|Any CPU
		{EB9C1B09-857A-4C64-8A41-AF82109F4A62}.Debug|Any CPU.Build.0 = Debug|Any CPU
		{EB9C1B09-857A-4C64-8A41-AF82109F4A62}.Release|Any CPU.ActiveCfg = Release|Any CPU
		{EB9C1B09-857A-4C64-8A41-AF82109F4A62}.Release|Any CPU.Build.0 = Release|Any CPU
		{7E1DD6A3-F9C1-4151-9F71-9B24053075E4}.Debug|Any CPU.ActiveCfg = Debug|Any CPU
		{7E1DD6A3-F9C1-4151-9F71-9B24053075E4}.Debug|Any CPU.Build.0 = Debug|Any CPU
		{7E1DD6A3-F9C1-4151-9F71-9B24053075E4}.Release|Any CPU.ActiveCfg = Release|Any CPU
		{7E1DD6A3-F9C1-4151-9F71-9B24053075E4}.Release|Any CPU.Build.0 = Release|Any CPU
		{8B6E0677-BF1C-4B97-AC47-C52E82E5551F}.Debug|Any CPU.ActiveCfg = Debug|Any CPU
		{8B6E0677-BF1C-4B97-AC47-C52E82E5551F}.Debug|Any CPU.Build.0 = Debug|Any CPU
		{8B6E0677-BF1C-4B97-AC47-C52E82E5551F}.Release|Any CPU.ActiveCfg = Release|Any CPU
		{8B6E0677-BF1C-4B97-AC47-C52E82E5551F}.Release|Any CPU.Build.0 = Release|Any CPU
		{6829D0CC-1071-47B8-BBAA-2BFEACEC5CED}.Debug|Any CPU.ActiveCfg = Debug|Any CPU
		{6829D0CC-1071-47B8-BBAA-2BFEACEC5CED}.Debug|Any CPU.Build.0 = Debug|Any CPU
		{6829D0CC-1071-47B8-BBAA-2BFEACEC5CED}.Release|Any CPU.ActiveCfg = Release|Any CPU
		{6829D0CC-1071-47B8-BBAA-2BFEACEC5CED}.Release|Any CPU.Build.0 = Release|Any CPU
		{75FE0C12-ABEF-46C7-8D93-CD41CA712C20}.Debug|Any CPU.ActiveCfg = Debug|Any CPU
		{75FE0C12-ABEF-46C7-8D93-CD41CA712C20}.Debug|Any CPU.Build.0 = Debug|Any CPU
		{75FE0C12-ABEF-46C7-8D93-CD41CA712C20}.Release|Any CPU.ActiveCfg = Release|Any CPU
		{75FE0C12-ABEF-46C7-8D93-CD41CA712C20}.Release|Any CPU.Build.0 = Release|Any CPU
		{F5B73693-ACDB-40FB-884A-6BC0CF1AF027}.Debug|Any CPU.ActiveCfg = Debug|Any CPU
		{F5B73693-ACDB-40FB-884A-6BC0CF1AF027}.Debug|Any CPU.Build.0 = Debug|Any CPU
		{F5B73693-ACDB-40FB-884A-6BC0CF1AF027}.Release|Any CPU.ActiveCfg = Release|Any CPU
		{F5B73693-ACDB-40FB-884A-6BC0CF1AF027}.Release|Any CPU.Build.0 = Release|Any CPU
	EndGlobalSection
	GlobalSection(SolutionProperties) = preSolution
		HideSolutionNode = FALSE
	EndGlobalSection
	GlobalSection(ExtensibilityGlobals) = postSolution
		SolutionGuid = {BAEA518E-1D25-447B-B26C-C677ABB8EADC}
	EndGlobalSection
EndGlobal
